
Microsoft Visual Studio Solution File, Format Version 12.00
# Visual Studio Version 17
VisualStudioVersion = 17.9.34622.214
MinimumVisualStudioVersion = 10.0.40219.1
Project("{FAE04EC0-301F-11D3-BF4B-00C04F79EFBC}") = "Task1", "Lab16\Task1.csproj", "{B11A6848-F534-43C5-93FA-745AE94B3137}"
EndProject
Project("{FAE04EC0-301F-11D3-BF4B-00C04F79EFBC}") = "Task2", "Task2\Task2.csproj", "{C64E884F-B459-489A-959F-2A793FF59E9A}"
EndProject
Project("{2150E333-8FDC-42A3-9474-1A3956D46DE8}") = "Solution Items", "Solution Items", "{B47DE060-C235-4F55-8211-6253F14E6E19}"
	ProjectSection(SolutionItems) = preProject
		.editorconfig = .editorconfig
	EndProjectSection
EndProject
Global
	GlobalSection(SolutionConfigurationPlatforms) = preSolution
		Debug|Any CPU = Debug|Any CPU
		Release|Any CPU = Release|Any CPU
	EndGlobalSection
	GlobalSection(ProjectConfigurationPlatforms) = postSolution
		{B11A6848-F534-43C5-93FA-745AE94B3137}.Debug|Any CPU.ActiveCfg = Debug|Any CPU
		{B11A6848-F534-43C5-93FA-745AE94B3137}.Debug|Any CPU.Build.0 = Debug|Any CPU
		{B11A6848-F534-43C5-93FA-745AE94B3137}.Release|Any CPU.ActiveCfg = Release|Any CPU
		{B11A6848-F534-43C5-93FA-745AE94B3137}.Release|Any CPU.Build.0 = Release|Any CPU
		{C64E884F-B459-489A-959F-2A793FF59E9A}.Debug|Any CPU.ActiveCfg = Debug|Any CPU
		{C64E884F-B459-489A-959F-2A793FF59E9A}.Debug|Any CPU.Build.0 = Debug|Any CPU
		{C64E884F-B459-489A-959F-2A793FF59E9A}.Release|Any CPU.ActiveCfg = Release|Any CPU
		{C64E884F-B459-489A-959F-2A793FF59E9A}.Release|Any CPU.Build.0 = Release|Any CPU
	EndGlobalSection
	GlobalSection(SolutionProperties) = preSolution
		HideSolutionNode = FALSE
	EndGlobalSection
	GlobalSection(ExtensibilityGlobals) = postSolution
		SolutionGuid = {042A882A-D8DE-4E7D-993F-6CC2F56631F5}
	EndGlobalSection
EndGlobal
